
Microsoft Visual Studio Solution File, Format Version 12.00
# Visual Studio Version 17
VisualStudioVersion = 17.7.34031.279
MinimumVisualStudioVersion = 10.0.40219.1
Project("{9A19103F-16F7-4668-BE54-9A1E7A4F7556}") = "Problem_3-4", "Problem_3-4\Problem_3-4.csproj", "{75E047A6-B33C-4460-8A0F-86BECAF94FB8}"
EndProject
Project("{FAE04EC0-301F-11D3-BF4B-00C04F79EFBC}") = "Problem_0-2", "Problem_0-2\Problem_0-2.csproj", "{176DB7A9-A107-4A92-9D04-860EEF9DD3BE}"
EndProject
Project("{FAE04EC0-301F-11D3-BF4B-00C04F79EFBC}") = "Problem_5-6", "Problem_5-6\Problem_5-6.csproj", "{4CF22D60-294A-43EA-9A16-67166A179251}"
EndProject
Global
	GlobalSection(SolutionConfigurationPlatforms) = preSolution
		Debug|Any CPU = Debug|Any CPU
		Release|Any CPU = Release|Any CPU
	EndGlobalSection
	GlobalSection(ProjectConfigurationPlatforms) = postSolution
		{75E047A6-B33C-4460-8A0F-86BECAF94FB8}.Debug|Any CPU.ActiveCfg = Debug|Any CPU
		{75E047A6-B33C-4460-8A0F-86BECAF94FB8}.Debug|Any CPU.Build.0 = Debug|Any CPU
		{75E047A6-B33C-4460-8A0F-86BECAF94FB8}.Release|Any CPU.ActiveCfg = Release|Any CPU
		{75E047A6-B33C-4460-8A0F-86BECAF94FB8}.Release|Any CPU.Build.0 = Release|Any CPU
		{176DB7A9-A107-4A92-9D04-860EEF9DD3BE}.Debug|Any CPU.ActiveCfg = Debug|Any CPU
		{176DB7A9-A107-4A92-9D04-860EEF9DD3BE}.Debug|Any CPU.Build.0 = Debug|Any CPU
		{176DB7A9-A107-4A92-9D04-860EEF9DD3BE}.Release|Any CPU.ActiveCfg = Release|Any CPU
		{176DB7A9-A107-4A92-9D04-860EEF9DD3BE}.Release|Any CPU.Build.0 = Release|Any CPU
		{4CF22D60-294A-43EA-9A16-67166A179251}.Debug|Any CPU.ActiveCfg = Debug|Any CPU
		{4CF22D60-294A-43EA-9A16-67166A179251}.Debug|Any CPU.Build.0 = Debug|Any CPU
		{4CF22D60-294A-43EA-9A16-67166A179251}.Release|Any CPU.ActiveCfg = Release|Any CPU
		{4CF22D60-294A-43EA-9A16-67166A179251}.Release|Any CPU.Build.0 = Release|Any CPU
	EndGlobalSection
	GlobalSection(SolutionProperties) = preSolution
		HideSolutionNode = FALSE
	EndGlobalSection
	GlobalSection(ExtensibilityGlobals) = postSolution
		SolutionGuid = {F1E66432-6E48-4335-A476-03BEDE5246CB}
	EndGlobalSection
EndGlobal
